
Microsoft Visual Studio Solution File, Format Version 12.00
# Visual Studio Version 17
VisualStudioVersion = 17.3.32922.545
MinimumVisualStudioVersion = 10.0.40219.1
Project("{FAE04EC0-301F-11D3-BF4B-00C04F79EFBC}") = "Personel_Kayit", "Personel_Kayit\Personel_Kayit.csproj", "{57931B48-1D14-4F31-ACC3-E64D0D5436C8}"
EndProject
Global
	GlobalSection(SolutionConfigurationPlatforms) = preSolution
		Debug|Any CPU = Debug|Any CPU
		Release|Any CPU = Release|Any CPU
	EndGlobalSection
	GlobalSection(ProjectConfigurationPlatforms) = postSolution
		{57931B48-1D14-4F31-ACC3-E64D0D5436C8}.Debug|Any CPU.ActiveCfg = Debug|Any CPU
		{57931B48-1D14-4F31-ACC3-E64D0D5436C8}.Debug|Any CPU.Build.0 = Debug|Any CPU
		{57931B48-1D14-4F31-ACC3-E64D0D5436C8}.Release|Any CPU.ActiveCfg = Release|Any CPU
		{57931B48-1D14-4F31-ACC3-E64D0D5436C8}.Release|Any CPU.Build.0 = Release|Any CPU
	EndGlobalSection
	GlobalSection(SolutionProperties) = preSolution
		HideSolutionNode = FALSE
	EndGlobalSection
	GlobalSection(ExtensibilityGlobals) = postSolution
		SolutionGuid = {575E2149-507E-4B1F-99F0-1827DE241C5E}
	EndGlobalSection
EndGlobal
